
Microsoft Visual Studio Solution File, Format Version 12.00
# Visual Studio Version 17
VisualStudioVersion = 17.2.32616.157
MinimumVisualStudioVersion = 10.0.40219.1
Project("{FAE04EC0-301F-11D3-BF4B-00C04F79EFBC}") = "Xadrez", "Xadrez\Xadrez.csproj", "{20E53BCB-E17B-4076-BC31-D0DBE260F663}"
EndProject
Global
	GlobalSection(SolutionConfigurationPlatforms) = preSolution
		Debug|Any CPU = Debug|Any CPU
		Release|Any CPU = Release|Any CPU
	EndGlobalSection
	GlobalSection(ProjectConfigurationPlatforms) = postSolution
		{20E53BCB-E17B-4076-BC31-D0DBE260F663}.Debug|Any CPU.ActiveCfg = Debug|Any CPU
		{20E53BCB-E17B-4076-BC31-D0DBE260F663}.Debug|Any CPU.Build.0 = Debug|Any CPU
		{20E53BCB-E17B-4076-BC31-D0DBE260F663}.Release|Any CPU.ActiveCfg = Release|Any CPU
		{20E53BCB-E17B-4076-BC31-D0DBE260F663}.Release|Any CPU.Build.0 = Release|Any CPU
	EndGlobalSection
	GlobalSection(SolutionProperties) = preSolution
		HideSolutionNode = FALSE
	EndGlobalSection
	GlobalSection(ExtensibilityGlobals) = postSolution
		SolutionGuid = {049125B5-629F-4171-83C8-2107A09A47BB}
	EndGlobalSection
EndGlobal
